// !$*UTF8*$!
{
	archiveVersion = 1;
	classes = {
	};
	objectVersion = 50;
	objects = {

/* Begin PBXBuildFile section */
		C1183602271CF94F0010D069 /* LearnSwiftUIApp.swift in Sources */ = {isa = PBXBuildFile; fileRef = C1183601271CF94F0010D069 /* LearnSwiftUIApp.swift */; };
		C1183604271CF94F0010D069 /* ContentView.swift in Sources */ = {isa = PBXBuildFile; fileRef = C1183603271CF94F0010D069 /* ContentView.swift */; };
		C1183606271CF95B0010D069 /* Assets.xcassets in Resources */ = {isa = PBXBuildFile; fileRef = C1183605271CF95B0010D069 /* Assets.xcassets */; };
		C1183609271CF95B0010D069 /* Preview Assets.xcassets in Resources */ = {isa = PBXBuildFile; fileRef = C1183608271CF95B0010D069 /* Preview Assets.xcassets */; };
		C1183614271CF95C0010D069 /* LearnSwiftUITests.swift in Sources */ = {isa = PBXBuildFile; fileRef = C1183613271CF95C0010D069 /* LearnSwiftUITests.swift */; };
		C118361F271CF95C0010D069 /* LearnSwiftUIUITests.swift in Sources */ = {isa = PBXBuildFile; fileRef = C118361E271CF95C0010D069 /* LearnSwiftUIUITests.swift */; };
		C12E0311271E804F008946F8 /* CircleImage.swift in Sources */ = {isa = PBXBuildFile; fileRef = C12E0310271E804F008946F8 /* CircleImage.swift */; };
		C12E0313271E81DA008946F8 /* MapView.swift in Sources */ = {isa = PBXBuildFile; fileRef = C12E0312271E81DA008946F8 /* MapView.swift */; };
		C12E0323271ED29C008946F8 /* stmarylake.jpg in Resources */ = {isa = PBXBuildFile; fileRef = C12E0316271ED29A008946F8 /* stmarylake.jpg */; };
		C12E0324271ED29C008946F8 /* silversalmoncreek.jpg in Resources */ = {isa = PBXBuildFile; fileRef = C12E0317271ED29B008946F8 /* silversalmoncreek.jpg */; };
		C12E0325271ED29C008946F8 /* rainbowlake.jpg in Resources */ = {isa = PBXBuildFile; fileRef = C12E0318271ED29B008946F8 /* rainbowlake.jpg */; };
		C12E0326271ED29C008946F8 /* umbagog.jpg in Resources */ = {isa = PBXBuildFile; fileRef = C12E0319271ED29B008946F8 /* umbagog.jpg */; };
		C12E0327271ED29C008946F8 /* hiddenlake.jpg in Resources */ = {isa = PBXBuildFile; fileRef = C12E031A271ED29B008946F8 /* hiddenlake.jpg */; };
		C12E0328271ED29C008946F8 /* icybay.jpg in Resources */ = {isa = PBXBuildFile; fileRef = C12E031B271ED29B008946F8 /* icybay.jpg */; };
		C12E0329271ED29C008946F8 /* lakemcdonald.jpg in Resources */ = {isa = PBXBuildFile; fileRef = C12E031C271ED29B008946F8 /* lakemcdonald.jpg */; };
		C12E032A271ED29C008946F8 /* landmarkData.json in Resources */ = {isa = PBXBuildFile; fileRef = C12E031D271ED29B008946F8 /* landmarkData.json */; };
		C12E032B271ED29C008946F8 /* yukon_charleyrivers.jpg in Resources */ = {isa = PBXBuildFile; fileRef = C12E031E271ED29B008946F8 /* yukon_charleyrivers.jpg */; };
		C12E032C271ED29C008946F8 /* turtlerock.jpg in Resources */ = {isa = PBXBuildFile; fileRef = C12E031F271ED29B008946F8 /* turtlerock.jpg */; };
		C12E032D271ED29C008946F8 /* chilkoottrail.jpg in Resources */ = {isa = PBXBuildFile; fileRef = C12E0320271ED29B008946F8 /* chilkoottrail.jpg */; };
		C12E032E271ED29C008946F8 /* chincoteague.jpg in Resources */ = {isa = PBXBuildFile; fileRef = C12E0321271ED29B008946F8 /* chincoteague.jpg */; };
		C12E032F271ED29C008946F8 /* twinlake.jpg in Resources */ = {isa = PBXBuildFile; fileRef = C12E0322271ED29B008946F8 /* twinlake.jpg */; };
		C12E0331271ED42C008946F8 /* Landmark.swift in Sources */ = {isa = PBXBuildFile; fileRef = C12E0330271ED42C008946F8 /* Landmark.swift */; };
		C12E0333271EDD6D008946F8 /* Data.swift in Sources */ = {isa = PBXBuildFile; fileRef = C12E0332271EDD6D008946F8 /* Data.swift */; };
		C12E0335271EE0D9008946F8 /* LandmarkRow.swift in Sources */ = {isa = PBXBuildFile; fileRef = C12E0334271EE0D9008946F8 /* LandmarkRow.swift */; };
		C12E0337271EE1F7008946F8 /* LandmarkList.swift in Sources */ = {isa = PBXBuildFile; fileRef = C12E0336271EE1F7008946F8 /* LandmarkList.swift */; };
		C12E0339271EEBB0008946F8 /* UserData.swift in Sources */ = {isa = PBXBuildFile; fileRef = C12E0338271EEBB0008946F8 /* UserData.swift */; };
		C12E033B271EF289008946F8 /* charleyrivers.jpg in Resources */ = {isa = PBXBuildFile; fileRef = C12E033A271EF289008946F8 /* charleyrivers.jpg */; };
		C12E033F271F90AA008946F8 /* CategoryHome.swift in Sources */ = {isa = PBXBuildFile; fileRef = C12E033E271F90AA008946F8 /* CategoryHome.swift */; };
		C12E0341271F91F5008946F8 /* CategoryRow.swift in Sources */ = {isa = PBXBuildFile; fileRef = C12E0340271F91F5008946F8 /* CategoryRow.swift */; };
/* End PBXBuildFile section */

/* Begin PBXContainerItemProxy section */
		C1183610271CF95C0010D069 /* PBXContainerItemProxy */ = {
			isa = PBXContainerItemProxy;
			containerPortal = C11835F6271CF94F0010D069 /* Project object */;
			proxyType = 1;
			remoteGlobalIDString = C11835FD271CF94F0010D069;
			remoteInfo = LearnSwiftUI;
		};
		C118361B271CF95C0010D069 /* PBXContainerItemProxy */ = {
			isa = PBXContainerItemProxy;
			containerPortal = C11835F6271CF94F0010D069 /* Project object */;
			proxyType = 1;
			remoteGlobalIDString = C11835FD271CF94F0010D069;
			remoteInfo = LearnSwiftUI;
		};
/* End PBXContainerItemProxy section */

/* Begin PBXFileReference section */
		C11835FE271CF94F0010D069 /* LearnSwiftUI.app */ = {isa = PBXFileReference; explicitFileType = wrapper.application; includeInIndex = 0; path = LearnSwiftUI.app; sourceTree = BUILT_PRODUCTS_DIR; };
		C1183601271CF94F0010D069 /* LearnSwiftUIApp.swift */ = {isa = PBXFileReference; lastKnownFileType = sourcecode.swift; path = LearnSwiftUIApp.swift; sourceTree = "<group>"; };
		C1183603271CF94F0010D069 /* ContentView.swift */ = {isa = PBXFileReference; lastKnownFileType = sourcecode.swift; path = ContentView.swift; sourceTree = "<group>"; };
		C1183605271CF95B0010D069 /* Assets.xcassets */ = {isa = PBXFileReference; lastKnownFileType = folder.assetcatalog; path = Assets.xcassets; sourceTree = "<group>"; };
		C1183608271CF95B0010D069 /* Preview Assets.xcassets */ = {isa = PBXFileReference; lastKnownFileType = folder.assetcatalog; path = "Preview Assets.xcassets"; sourceTree = "<group>"; };
		C118360A271CF95B0010D069 /* Info.plist */ = {isa = PBXFileReference; lastKnownFileType = text.plist.xml; path = Info.plist; sourceTree = "<group>"; };
		C118360F271CF95C0010D069 /* LearnSwiftUITests.xctest */ = {isa = PBXFileReference; explicitFileType = wrapper.cfbundle; includeInIndex = 0; path = LearnSwiftUITests.xctest; sourceTree = BUILT_PRODUCTS_DIR; };
		C1183613271CF95C0010D069 /* LearnSwiftUITests.swift */ = {isa = PBXFileReference; lastKnownFileType = sourcecode.swift; path = LearnSwiftUITests.swift; sourceTree = "<group>"; };
		C1183615271CF95C0010D069 /* Info.plist */ = {isa = PBXFileReference; lastKnownFileType = text.plist.xml; path = Info.plist; sourceTree = "<group>"; };
		C118361A271CF95C0010D069 /* LearnSwiftUIUITests.xctest */ = {isa = PBXFileReference; explicitFileType = wrapper.cfbundle; includeInIndex = 0; path = LearnSwiftUIUITests.xctest; sourceTree = BUILT_PRODUCTS_DIR; };
		C118361E271CF95C0010D069 /* LearnSwiftUIUITests.swift */ = {isa = PBXFileReference; lastKnownFileType = sourcecode.swift; path = LearnSwiftUIUITests.swift; sourceTree = "<group>"; };
		C1183620271CF95C0010D069 /* Info.plist */ = {isa = PBXFileReference; lastKnownFileType = text.plist.xml; path = Info.plist; sourceTree = "<group>"; };
		C12E0310271E804F008946F8 /* CircleImage.swift */ = {isa = PBXFileReference; lastKnownFileType = sourcecode.swift; path = CircleImage.swift; sourceTree = "<group>"; };
		C12E0312271E81DA008946F8 /* MapView.swift */ = {isa = PBXFileReference; lastKnownFileType = sourcecode.swift; path = MapView.swift; sourceTree = "<group>"; };
		C12E0316271ED29A008946F8 /* stmarylake.jpg */ = {isa = PBXFileReference; lastKnownFileType = image.jpeg; path = stmarylake.jpg; sourceTree = "<group>"; };
		C12E0317271ED29B008946F8 /* silversalmoncreek.jpg */ = {isa = PBXFileReference; lastKnownFileType = image.jpeg; path = silversalmoncreek.jpg; sourceTree = "<group>"; };
		C12E0318271ED29B008946F8 /* rainbowlake.jpg */ = {isa = PBXFileReference; lastKnownFileType = image.jpeg; path = rainbowlake.jpg; sourceTree = "<group>"; };
		C12E0319271ED29B008946F8 /* umbagog.jpg */ = {isa = PBXFileReference; lastKnownFileType = image.jpeg; path = umbagog.jpg; sourceTree = "<group>"; };
		C12E031A271ED29B008946F8 /* hiddenlake.jpg */ = {isa = PBXFileReference; lastKnownFileType = image.jpeg; path = hiddenlake.jpg; sourceTree = "<group>"; };
		C12E031B271ED29B008946F8 /* icybay.jpg */ = {isa = PBXFileReference; lastKnownFileType = image.jpeg; path = icybay.jpg; sourceTree = "<group>"; };
		C12E031C271ED29B008946F8 /* lakemcdonald.jpg */ = {isa = PBXFileReference; lastKnownFileType = image.jpeg; path = lakemcdonald.jpg; sourceTree = "<group>"; };
		C12E031D271ED29B008946F8 /* landmarkData.json */ = {isa = PBXFileReference; fileEncoding = 4; lastKnownFileType = text.json; path = landmarkData.json; sourceTree = "<group>"; };
		C12E031E271ED29B008946F8 /* yukon_charleyrivers.jpg */ = {isa = PBXFileReference; lastKnownFileType = image.jpeg; path = yukon_charleyrivers.jpg; sourceTree = "<group>"; };
		C12E031F271ED29B008946F8 /* turtlerock.jpg */ = {isa = PBXFileReference; lastKnownFileType = image.jpeg; path = turtlerock.jpg; sourceTree = "<group>"; };
		C12E0320271ED29B008946F8 /* chilkoottrail.jpg */ = {isa = PBXFileReference; lastKnownFileType = image.jpeg; path = chilkoottrail.jpg; sourceTree = "<group>"; };
		C12E0321271ED29B008946F8 /* chincoteague.jpg */ = {isa = PBXFileReference; lastKnownFileType = image.jpeg; path = chincoteague.jpg; sourceTree = "<group>"; };
		C12E0322271ED29B008946F8 /* twinlake.jpg */ = {isa = PBXFileReference; lastKnownFileType = image.jpeg; path = twinlake.jpg; sourceTree = "<group>"; };
		C12E0330271ED42C008946F8 /* Landmark.swift */ = {isa = PBXFileReference; lastKnownFileType = sourcecode.swift; path = Landmark.swift; sourceTree = "<group>"; };
		C12E0332271EDD6D008946F8 /* Data.swift */ = {isa = PBXFileReference; lastKnownFileType = sourcecode.swift; path = Data.swift; sourceTree = "<group>"; };
		C12E0334271EE0D9008946F8 /* LandmarkRow.swift */ = {isa = PBXFileReference; lastKnownFileType = sourcecode.swift; path = LandmarkRow.swift; sourceTree = "<group>"; };
		C12E0336271EE1F7008946F8 /* LandmarkList.swift */ = {isa = PBXFileReference; lastKnownFileType = sourcecode.swift; path = LandmarkList.swift; sourceTree = "<group>"; };
		C12E0338271EEBB0008946F8 /* UserData.swift */ = {isa = PBXFileReference; lastKnownFileType = sourcecode.swift; path = UserData.swift; sourceTree = "<group>"; };
		C12E033A271EF289008946F8 /* charleyrivers.jpg */ = {isa = PBXFileReference; lastKnownFileType = image.jpeg; path = charleyrivers.jpg; sourceTree = "<group>"; };
		C12E033E271F90AA008946F8 /* CategoryHome.swift */ = {isa = PBXFileReference; lastKnownFileType = sourcecode.swift; path = CategoryHome.swift; sourceTree = "<group>"; };
		C12E0340271F91F5008946F8 /* CategoryRow.swift */ = {isa = PBXFileReference; lastKnownFileType = sourcecode.swift; path = CategoryRow.swift; sourceTree = "<group>"; };
/* End PBXFileReference section */

/* Begin PBXFrameworksBuildPhase section */
		C11835FB271CF94F0010D069 /* Frameworks */ = {
			isa = PBXFrameworksBuildPhase;
			buildActionMask = 2147483647;
			files = (
			);
			runOnlyForDeploymentPostprocessing = 0;
		};
		C118360C271CF95C0010D069 /* Frameworks */ = {
			isa = PBXFrameworksBuildPhase;
			buildActionMask = 2147483647;
			files = (
			);
			runOnlyForDeploymentPostprocessing = 0;
		};
		C1183617271CF95C0010D069 /* Frameworks */ = {
			isa = PBXFrameworksBuildPhase;
			buildActionMask = 2147483647;
			files = (
			);
			runOnlyForDeploymentPostprocessing = 0;
		};
/* End PBXFrameworksBuildPhase section */

/* Begin PBXGroup section */
		C11835F5271CF94F0010D069 = {
			isa = PBXGroup;
			children = (
				C1183600271CF94F0010D069 /* LearnSwiftUI */,
				C1183612271CF95C0010D069 /* LearnSwiftUITests */,
				C118361D271CF95C0010D069 /* LearnSwiftUIUITests */,
				C11835FF271CF94F0010D069 /* Products */,
			);
			sourceTree = "<group>";
		};
		C11835FF271CF94F0010D069 /* Products */ = {
			isa = PBXGroup;
			children = (
				C11835FE271CF94F0010D069 /* LearnSwiftUI.app */,
				C118360F271CF95C0010D069 /* LearnSwiftUITests.xctest */,
				C118361A271CF95C0010D069 /* LearnSwiftUIUITests.xctest */,
			);
			name = Products;
			sourceTree = "<group>";
		};
		C1183600271CF94F0010D069 /* LearnSwiftUI */ = {
			isa = PBXGroup;
			children = (
				C12E0315271ED21D008946F8 /* Resources */,
				C12E0314271ED125008946F8 /* Models */,
				C12E030F271E8030008946F8 /* UI */,
				C1183601271CF94F0010D069 /* LearnSwiftUIApp.swift */,
				C1183603271CF94F0010D069 /* ContentView.swift */,
				C1183605271CF95B0010D069 /* Assets.xcassets */,
				C118360A271CF95B0010D069 /* Info.plist */,
				C1183607271CF95B0010D069 /* Preview Content */,
			);
			path = LearnSwiftUI;
			sourceTree = "<group>";
		};
		C1183607271CF95B0010D069 /* Preview Content */ = {
			isa = PBXGroup;
			children = (
				C1183608271CF95B0010D069 /* Preview Assets.xcassets */,
			);
			path = "Preview Content";
			sourceTree = "<group>";
		};
		C1183612271CF95C0010D069 /* LearnSwiftUITests */ = {
			isa = PBXGroup;
			children = (
				C1183613271CF95C0010D069 /* LearnSwiftUITests.swift */,
				C1183615271CF95C0010D069 /* Info.plist */,
			);
			path = LearnSwiftUITests;
			sourceTree = "<group>";
		};
		C118361D271CF95C0010D069 /* LearnSwiftUIUITests */ = {
			isa = PBXGroup;
			children = (
				C118361E271CF95C0010D069 /* LearnSwiftUIUITests.swift */,
				C1183620271CF95C0010D069 /* Info.plist */,
			);
			path = LearnSwiftUIUITests;
			sourceTree = "<group>";
		};
		C12E030F271E8030008946F8 /* UI */ = {
			isa = PBXGroup;
			children = (
				C12E0338271EEBB0008946F8 /* UserData.swift */,
				C12E0310271E804F008946F8 /* CircleImage.swift */,
				C12E0312271E81DA008946F8 /* MapView.swift */,
				C12E0334271EE0D9008946F8 /* LandmarkRow.swift */,
				C12E0336271EE1F7008946F8 /* LandmarkList.swift */,
				C12E033E271F90AA008946F8 /* CategoryHome.swift */,
				C12E0340271F91F5008946F8 /* CategoryRow.swift */,
			);
			path = UI;
			sourceTree = "<group>";
		};
		C12E0314271ED125008946F8 /* Models */ = {
			isa = PBXGroup;
			children = (
				C12E0330271ED42C008946F8 /* Landmark.swift */,
				C12E0332271EDD6D008946F8 /* Data.swift */,
			);
			path = Models;
			sourceTree = "<group>";
		};
		C12E0315271ED21D008946F8 /* Resources */ = {
			isa = PBXGroup;
			children = (
				C12E033A271EF289008946F8 /* charleyrivers.jpg */,
				C12E0320271ED29B008946F8 /* chilkoottrail.jpg */,
				C12E0321271ED29B008946F8 /* chincoteague.jpg */,
				C12E031A271ED29B008946F8 /* hiddenlake.jpg */,
				C12E031B271ED29B008946F8 /* icybay.jpg */,
				C12E031C271ED29B008946F8 /* lakemcdonald.jpg */,
				C12E031D271ED29B008946F8 /* landmarkData.json */,
				C12E0318271ED29B008946F8 /* rainbowlake.jpg */,
				C12E0317271ED29B008946F8 /* silversalmoncreek.jpg */,
				C12E0316271ED29A008946F8 /* stmarylake.jpg */,
				C12E031F271ED29B008946F8 /* turtlerock.jpg */,
				C12E0322271ED29B008946F8 /* twinlake.jpg */,
				C12E0319271ED29B008946F8 /* umbagog.jpg */,
				C12E031E271ED29B008946F8 /* yukon_charleyrivers.jpg */,
			);
			path = Resources;
			sourceTree = "<group>";
		};
/* End PBXGroup section */

/* Begin PBXNativeTarget section */
		C11835FD271CF94F0010D069 /* LearnSwiftUI */ = {
			isa = PBXNativeTarget;
			buildConfigurationList = C1183623271CF95C0010D069 /* Build configuration list for PBXNativeTarget "LearnSwiftUI" */;
			buildPhases = (
				C11835FA271CF94F0010D069 /* Sources */,
				C11835FB271CF94F0010D069 /* Frameworks */,
				C11835FC271CF94F0010D069 /* Resources */,
			);
			buildRules = (
			);
			dependencies = (
			);
			name = LearnSwiftUI;
			productName = LearnSwiftUI;
			productReference = C11835FE271CF94F0010D069 /* LearnSwiftUI.app */;
			productType = "com.apple.product-type.application";
		};
		C118360E271CF95C0010D069 /* LearnSwiftUITests */ = {
			isa = PBXNativeTarget;
			buildConfigurationList = C1183626271CF95C0010D069 /* Build configuration list for PBXNativeTarget "LearnSwiftUITests" */;
			buildPhases = (
				C118360B271CF95C0010D069 /* Sources */,
				C118360C271CF95C0010D069 /* Frameworks */,
				C118360D271CF95C0010D069 /* Resources */,
			);
			buildRules = (
			);
			dependencies = (
				C1183611271CF95C0010D069 /* PBXTargetDependency */,
			);
			name = LearnSwiftUITests;
			productName = LearnSwiftUITests;
			productReference = C118360F271CF95C0010D069 /* LearnSwiftUITests.xctest */;
			productType = "com.apple.product-type.bundle.unit-test";
		};
		C1183619271CF95C0010D069 /* LearnSwiftUIUITests */ = {
			isa = PBXNativeTarget;
			buildConfigurationList = C1183629271CF95C0010D069 /* Build configuration list for PBXNativeTarget "LearnSwiftUIUITests" */;
			buildPhases = (
				C1183616271CF95C0010D069 /* Sources */,
				C1183617271CF95C0010D069 /* Frameworks */,
				C1183618271CF95C0010D069 /* Resources */,
			);
			buildRules = (
			);
			dependencies = (
				C118361C271CF95C0010D069 /* PBXTargetDependency */,
			);
			name = LearnSwiftUIUITests;
			productName = LearnSwiftUIUITests;
			productReference = C118361A271CF95C0010D069 /* LearnSwiftUIUITests.xctest */;
			productType = "com.apple.product-type.bundle.ui-testing";
		};
/* End PBXNativeTarget section */

/* Begin PBXProject section */
		C11835F6271CF94F0010D069 /* Project object */ = {
			isa = PBXProject;
			attributes = {
				LastSwiftUpdateCheck = 1250;
				LastUpgradeCheck = 1250;
				TargetAttributes = {
					C11835FD271CF94F0010D069 = {
						CreatedOnToolsVersion = 12.5.1;
					};
					C118360E271CF95C0010D069 = {
						CreatedOnToolsVersion = 12.5.1;
						TestTargetID = C11835FD271CF94F0010D069;
					};
					C1183619271CF95C0010D069 = {
						CreatedOnToolsVersion = 12.5.1;
						TestTargetID = C11835FD271CF94F0010D069;
					};
				};
			};
			buildConfigurationList = C11835F9271CF94F0010D069 /* Build configuration list for PBXProject "LearnSwiftUI" */;
			compatibilityVersion = "Xcode 9.3";
			developmentRegion = en;
			hasScannedForEncodings = 0;
			knownRegions = (
				en,
				Base,
			);
			mainGroup = C11835F5271CF94F0010D069;
			productRefGroup = C11835FF271CF94F0010D069 /* Products */;
			projectDirPath = "";
			projectRoot = "";
			targets = (
				C11835FD271CF94F0010D069 /* LearnSwiftUI */,
				C118360E271CF95C0010D069 /* LearnSwiftUITests */,
				C1183619271CF95C0010D069 /* LearnSwiftUIUITests */,
			);
		};
/* End PBXProject section */

/* Begin PBXResourcesBuildPhase section */
		C11835FC271CF94F0010D069 /* Resources */ = {
			isa = PBXResourcesBuildPhase;
			buildActionMask = 2147483647;
			files = (
				C12E0326271ED29C008946F8 /* umbagog.jpg in Resources */,
				C12E0323271ED29C008946F8 /* stmarylake.jpg in Resources */,
				C12E0328271ED29C008946F8 /* icybay.jpg in Resources */,
				C12E033B271EF289008946F8 /* charleyrivers.jpg in Resources */,
				C12E032A271ED29C008946F8 /* landmarkData.json in Resources */,
				C12E0329271ED29C008946F8 /* lakemcdonald.jpg in Resources */,
				C12E0325271ED29C008946F8 /* rainbowlake.jpg in Resources */,
				C12E032F271ED29C008946F8 /* twinlake.jpg in Resources */,
				C12E032D271ED29C008946F8 /* chilkoottrail.jpg in Resources */,
				C12E0324271ED29C008946F8 /* silversalmoncreek.jpg in Resources */,
				C12E032B271ED29C008946F8 /* yukon_charleyrivers.jpg in Resources */,
				C12E032C271ED29C008946F8 /* turtlerock.jpg in Resources */,
				C12E032E271ED29C008946F8 /* chincoteague.jpg in Resources */,
				C1183609271CF95B0010D069 /* Preview Assets.xcassets in Resources */,
				C1183606271CF95B0010D069 /* Assets.xcassets in Resources */,
				C12E0327271ED29C008946F8 /* hiddenlake.jpg in Resources */,
			);
			runOnlyForDeploymentPostprocessing = 0;
		};
		C118360D271CF95C0010D069 /* Resources */ = {
			isa = PBXResourcesBuildPhase;
			buildActionMask = 2147483647;
			files = (
			);
			runOnlyForDeploymentPostprocessing = 0;
		};
		C1183618271CF95C0010D069 /* Resources */ = {
			isa = PBXResourcesBuildPhase;
			buildActionMask = 2147483647;
			files = (
			);
			runOnlyForDeploymentPostprocessing = 0;
		};
/* End PBXResourcesBuildPhase section */

/* Begin PBXSourcesBuildPhase section */
		C11835FA271CF94F0010D069 /* Sources */ = {
			isa = PBXSourcesBuildPhase;
			buildActionMask = 2147483647;
			files = (
				C12E0341271F91F5008946F8 /* CategoryRow.swift in Sources */,
				C1183604271CF94F0010D069 /* ContentView.swift in Sources */,
				C12E0333271EDD6D008946F8 /* Data.swift in Sources */,
				C12E0313271E81DA008946F8 /* MapView.swift in Sources */,
				C12E0339271EEBB0008946F8 /* UserData.swift in Sources */,
				C12E033F271F90AA008946F8 /* CategoryHome.swift in Sources */,
				C12E0337271EE1F7008946F8 /* LandmarkList.swift in Sources */,
				C1183602271CF94F0010D069 /* LearnSwiftUIApp.swift in Sources */,
				C12E0311271E804F008946F8 /* CircleImage.swift in Sources */,
				C12E0335271EE0D9008946F8 /* LandmarkRow.swift in Sources */,
				C12E0331271ED42C008946F8 /* Landmark.swift in Sources */,
			);
			runOnlyForDeploymentPostprocessing = 0;
		};
		C118360B271CF95C0010D069 /* Sources */ = {
			isa = PBXSourcesBuildPhase;
			buildActionMask = 2147483647;
			files = (
				C1183614271CF95C0010D069 /* LearnSwiftUITests.swift in Sources */,
			);
			runOnlyForDeploymentPostprocessing = 0;
		};
		C1183616271CF95C0010D069 /* Sources */ = {
			isa = PBXSourcesBuildPhase;
			buildActionMask = 2147483647;
			files = (
				C118361F271CF95C0010D069 /* LearnSwiftUIUITests.swift in Sources */,
			);
			runOnlyForDeploymentPostprocessing = 0;
		};
/* End PBXSourcesBuildPhase section */

/* Begin PBXTargetDependency section */
		C1183611271CF95C0010D069 /* PBXTargetDependency */ = {
			isa = PBXTargetDependency;
			target = C11835FD271CF94F0010D069 /* LearnSwiftUI */;
			targetProxy = C1183610271CF95C0010D069 /* PBXContainerItemProxy */;
		};
		C118361C271CF95C0010D069 /* PBXTargetDependency */ = {
			isa = PBXTargetDependency;
			target = C11835FD271CF94F0010D069 /* LearnSwiftUI */;
			targetProxy = C118361B271CF95C0010D069 /* PBXContainerItemProxy */;
		};
/* End PBXTargetDependency section */

/* Begin XCBuildConfiguration section */
		C1183621271CF95C0010D069 /* Debug */ = {
			isa = XCBuildConfiguration;
			buildSettings = {
				ALWAYS_SEARCH_USER_PATHS = NO;
				CLANG_ANALYZER_NONNULL = YES;
				CLANG_ANALYZER_NUMBER_OBJECT_CONVERSION = YES_AGGRESSIVE;
				CLANG_CXX_LANGUAGE_STANDARD = "gnu++14";
				CLANG_CXX_LIBRARY = "libc++";
				CLANG_ENABLE_MODULES = YES;
				CLANG_ENABLE_OBJC_ARC = YES;
				CLANG_ENABLE_OBJC_WEAK = YES;
				CLANG_WARN_BLOCK_CAPTURE_AUTORELEASING = YES;
				CLANG_WARN_BOOL_CONVERSION = YES;
				CLANG_WARN_COMMA = YES;
				CLANG_WARN_CONSTANT_CONVERSION = YES;
				CLANG_WARN_DEPRECATED_OBJC_IMPLEMENTATIONS = YES;
				CLANG_WARN_DIRECT_OBJC_ISA_USAGE = YES_ERROR;
				CLANG_WARN_DOCUMENTATION_COMMENTS = YES;
				CLANG_WARN_EMPTY_BODY = YES;
				CLANG_WARN_ENUM_CONVERSION = YES;
				CLANG_WARN_INFINITE_RECURSION = YES;
				CLANG_WARN_INT_CONVERSION = YES;
				CLANG_WARN_NON_LITERAL_NULL_CONVERSION = YES;
				CLANG_WARN_OBJC_IMPLICIT_RETAIN_SELF = YES;
				CLANG_WARN_OBJC_LITERAL_CONVERSION = YES;
				CLANG_WARN_OBJC_ROOT_CLASS = YES_ERROR;
				CLANG_WARN_QUOTED_INCLUDE_IN_FRAMEWORK_HEADER = YES;
				CLANG_WARN_RANGE_LOOP_ANALYSIS = YES;
				CLANG_WARN_STRICT_PROTOTYPES = YES;
				CLANG_WARN_SUSPICIOUS_MOVE = YES;
				CLANG_WARN_UNGUARDED_AVAILABILITY = YES_AGGRESSIVE;
				CLANG_WARN_UNREACHABLE_CODE = YES;
				CLANG_WARN__DUPLICATE_METHOD_MATCH = YES;
				COPY_PHASE_STRIP = NO;
				DEBUG_INFORMATION_FORMAT = dwarf;
				ENABLE_STRICT_OBJC_MSGSEND = YES;
				ENABLE_TESTABILITY = YES;
				GCC_C_LANGUAGE_STANDARD = gnu11;
				GCC_DYNAMIC_NO_PIC = NO;
				GCC_NO_COMMON_BLOCKS = YES;
				GCC_OPTIMIZATION_LEVEL = 0;
				GCC_PREPROCESSOR_DEFINITIONS = (
					"DEBUG=1",
					"$(inherited)",
				);
				GCC_WARN_64_TO_32_BIT_CONVERSION = YES;
				GCC_WARN_ABOUT_RETURN_TYPE = YES_ERROR;
				GCC_WARN_UNDECLARED_SELECTOR = YES;
				GCC_WARN_UNINITIALIZED_AUTOS = YES_AGGRESSIVE;
				GCC_WARN_UNUSED_FUNCTION = YES;
				GCC_WARN_UNUSED_VARIABLE = YES;
				IPHONEOS_DEPLOYMENT_TARGET = 14.5;
				MTL_ENABLE_DEBUG_INFO = INCLUDE_SOURCE;
				MTL_FAST_MATH = YES;
				ONLY_ACTIVE_ARCH = YES;
				SDKROOT = iphoneos;
				SWIFT_ACTIVE_COMPILATION_CONDITIONS = DEBUG;
				SWIFT_OPTIMIZATION_LEVEL = "-Onone";
			};
			name = Debug;
		};
		C1183622271CF95C0010D069 /* Release */ = {
			isa = XCBuildConfiguration;
			buildSettings = {
				ALWAYS_SEARCH_USER_PATHS = NO;
				CLANG_ANALYZER_NONNULL = YES;
				CLANG_ANALYZER_NUMBER_OBJECT_CONVERSION = YES_AGGRESSIVE;
				CLANG_CXX_LANGUAGE_STANDARD = "gnu++14";
				CLANG_CXX_LIBRARY = "libc++";
				CLANG_ENABLE_MODULES = YES;
				CLANG_ENABLE_OBJC_ARC = YES;
				CLANG_ENABLE_OBJC_WEAK = YES;
				CLANG_WARN_BLOCK_CAPTURE_AUTORELEASING = YES;
				CLANG_WARN_BOOL_CONVERSION = YES;
				CLANG_WARN_COMMA = YES;
				CLANG_WARN_CONSTANT_CONVERSION = YES;
				CLANG_WARN_DEPRECATED_OBJC_IMPLEMENTATIONS = YES;
				CLANG_WARN_DIRECT_OBJC_ISA_USAGE = YES_ERROR;
				CLANG_WARN_DOCUMENTATION_COMMENTS = YES;
				CLANG_WARN_EMPTY_BODY = YES;
				CLANG_WARN_ENUM_CONVERSION = YES;
				CLANG_WARN_INFINITE_RECURSION = YES;
				CLANG_WARN_INT_CONVERSION = YES;
				CLANG_WARN_NON_LITERAL_NULL_CONVERSION = YES;
				CLANG_WARN_OBJC_IMPLICIT_RETAIN_SELF = YES;
				CLANG_WARN_OBJC_LITERAL_CONVERSION = YES;
				CLANG_WARN_OBJC_ROOT_CLASS = YES_ERROR;
				CLANG_WARN_QUOTED_INCLUDE_IN_FRAMEWORK_HEADER = YES;
				CLANG_WARN_RANGE_LOOP_ANALYSIS = YES;
				CLANG_WARN_STRICT_PROTOTYPES = YES;
				CLANG_WARN_SUSPICIOUS_MOVE = YES;
				CLANG_WARN_UNGUARDED_AVAILABILITY = YES_AGGRESSIVE;
				CLANG_WARN_UNREACHABLE_CODE = YES;
				CLANG_WARN__DUPLICATE_METHOD_MATCH = YES;
				COPY_PHASE_STRIP = NO;
				DEBUG_INFORMATION_FORMAT = "dwarf-with-dsym";
				ENABLE_NS_ASSERTIONS = NO;
				ENABLE_STRICT_OBJC_MSGSEND = YES;
				GCC_C_LANGUAGE_STANDARD = gnu11;
				GCC_NO_COMMON_BLOCKS = YES;
				GCC_WARN_64_TO_32_BIT_CONVERSION = YES;
				GCC_WARN_ABOUT_RETURN_TYPE = YES_ERROR;
				GCC_WARN_UNDECLARED_SELECTOR = YES;
				GCC_WARN_UNINITIALIZED_AUTOS = YES_AGGRESSIVE;
				GCC_WARN_UNUSED_FUNCTION = YES;
				GCC_WARN_UNUSED_VARIABLE = YES;
				IPHONEOS_DEPLOYMENT_TARGET = 14.5;
				MTL_ENABLE_DEBUG_INFO = NO;
				MTL_FAST_MATH = YES;
				SDKROOT = iphoneos;
				SWIFT_COMPILATION_MODE = wholemodule;
				SWIFT_OPTIMIZATION_LEVEL = "-O";
				VALIDATE_PRODUCT = YES;
			};
			name = Release;
		};
		C1183624271CF95C0010D069 /* Debug */ = {
			isa = XCBuildConfiguration;
			buildSettings = {
				ASSETCATALOG_COMPILER_APPICON_NAME = AppIcon;
				ASSETCATALOG_COMPILER_GLOBAL_ACCENT_COLOR_NAME = AccentColor;
				CODE_SIGN_STYLE = Automatic;
				DEVELOPMENT_ASSET_PATHS = "\"LearnSwiftUI/Preview Content\"";
				DEVELOPMENT_TEAM = Z8D49D4M8N;
				ENABLE_PREVIEWS = YES;
				INFOPLIST_FILE = LearnSwiftUI/Info.plist;
				IPHONEOS_DEPLOYMENT_TARGET = 14.0;
				LD_RUNPATH_SEARCH_PATHS = (
					"$(inherited)",
					"@executable_path/Frameworks",
				);
				PRODUCT_BUNDLE_IDENTIFIER = cn.wanderros.LearnSwiftUI;
				PRODUCT_NAME = "$(TARGET_NAME)";
				SWIFT_VERSION = 5.0;
				TARGETED_DEVICE_FAMILY = "1,2";
			};
			name = Debug;
		};
		C1183625271CF95C0010D069 /* Release */ = {
			isa = XCBuildConfiguration;
			buildSettings = {
				ASSETCATALOG_COMPILER_APPICON_NAME = AppIcon;
				ASSETCATALOG_COMPILER_GLOBAL_ACCENT_COLOR_NAME = AccentColor;
				CODE_SIGN_STYLE = Automatic;
				DEVELOPMENT_ASSET_PATHS = "\"LearnSwiftUI/Preview Content\"";
				DEVELOPMENT_TEAM = Z8D49D4M8N;
				ENABLE_PREVIEWS = YES;
				INFOPLIST_FILE = LearnSwiftUI/Info.plist;
				IPHONEOS_DEPLOYMENT_TARGET = 14.0;
				LD_RUNPATH_SEARCH_PATHS = (
					"$(inherited)",
					"@executable_path/Frameworks",
				);
				PRODUCT_BUNDLE_IDENTIFIER = cn.wanderros.LearnSwiftUI;
				PRODUCT_NAME = "$(TARGET_NAME)";
				SWIFT_VERSION = 5.0;
				TARGETED_DEVICE_FAMILY = "1,2";
			};
			name = Release;
		};
		C1183627271CF95C0010D069 /* Debug */ = {
			isa = XCBuildConfiguration;
			buildSettings = {
				ALWAYS_EMBED_SWIFT_STANDARD_LIBRARIES = YES;
				BUNDLE_LOADER = "$(TEST_HOST)";
				CODE_SIGN_STYLE = Automatic;
				DEVELOPMENT_TEAM = Z8D49D4M8N;
				INFOPLIST_FILE = LearnSwiftUITests/Info.plist;
				IPHONEOS_DEPLOYMENT_TARGET = 14.0;
				LD_RUNPATH_SEARCH_PATHS = (
					"$(inherited)",
					"@executable_path/Frameworks",
					"@loader_path/Frameworks",
				);
				PRODUCT_BUNDLE_IDENTIFIER = cn.wanderros.LearnSwiftUITests;
				PRODUCT_NAME = "$(TARGET_NAME)";
				SWIFT_VERSION = 5.0;
				TARGETED_DEVICE_FAMILY = "1,2";
				TEST_HOST = "$(BUILT_PRODUCTS_DIR)/LearnSwiftUI.app/LearnSwiftUI";
			};
			name = Debug;
		};
		C1183628271CF95C0010D069 /* Release */ = {
			isa = XCBuildConfiguration;
			buildSettings = {
				ALWAYS_EMBED_SWIFT_STANDARD_LIBRARIES = YES;
				BUNDLE_LOADER = "$(TEST_HOST)";
				CODE_SIGN_STYLE = Automatic;
				DEVELOPMENT_TEAM = Z8D49D4M8N;
				INFOPLIST_FILE = LearnSwiftUITests/Info.plist;
				IPHONEOS_DEPLOYMENT_TARGET = 14.0;
				LD_RUNPATH_SEARCH_PATHS = (
					"$(inherited)",
					"@executable_path/Frameworks",
					"@loader_path/Frameworks",
				);
				PRODUCT_BUNDLE_IDENTIFIER = cn.wanderros.LearnSwiftUITests;
				PRODUCT_NAME = "$(TARGET_NAME)";
				SWIFT_VERSION = 5.0;
				TARGETED_DEVICE_FAMILY = "1,2";
				TEST_HOST = "$(BUILT_PRODUCTS_DIR)/LearnSwiftUI.app/LearnSwiftUI";
			};
			name = Release;
		};
		C118362A271CF95C0010D069 /* Debug */ = {
			isa = XCBuildConfiguration;
			buildSettings = {
				ALWAYS_EMBED_SWIFT_STANDARD_LIBRARIES = YES;
				CODE_SIGN_STYLE = Automatic;
				DEVELOPMENT_TEAM = Z8D49D4M8N;
				INFOPLIST_FILE = LearnSwiftUIUITests/Info.plist;
				LD_RUNPATH_SEARCH_PATHS = (
					"$(inherited)",
					"@executable_path/Frameworks",
					"@loader_path/Frameworks",
				);
				PRODUCT_BUNDLE_IDENTIFIER = cn.wanderros.LearnSwiftUIUITests;
				PRODUCT_NAME = "$(TARGET_NAME)";
				SWIFT_VERSION = 5.0;
				TARGETED_DEVICE_FAMILY = "1,2";
				TEST_TARGET_NAME = LearnSwiftUI;
			};
			name = Debug;
		};
		C118362B271CF95C0010D069 /* Release */ = {
			isa = XCBuildConfiguration;
			buildSettings = {
				ALWAYS_EMBED_SWIFT_STANDARD_LIBRARIES = YES;
				CODE_SIGN_STYLE = Automatic;
				DEVELOPMENT_TEAM = Z8D49D4M8N;
				INFOPLIST_FILE = LearnSwiftUIUITests/Info.plist;
				LD_RUNPATH_SEARCH_PATHS = (
					"$(inherited)",
					"@executable_path/Frameworks",
					"@loader_path/Frameworks",
				);
				PRODUCT_BUNDLE_IDENTIFIER = cn.wanderros.LearnSwiftUIUITests;
				PRODUCT_NAME = "$(TARGET_NAME)";
				SWIFT_VERSION = 5.0;
				TARGETED_DEVICE_FAMILY = "1,2";
				TEST_TARGET_NAME = LearnSwiftUI;
			};
			name = Release;
		};
/* End XCBuildConfiguration section */

/* Begin XCConfigurationList section */
		C11835F9271CF94F0010D069 /* Build configuration list for PBXProject "LearnSwiftUI" */ = {
			isa = XCConfigurationList;
			buildConfigurations = (
				C1183621271CF95C0010D069 /* Debug */,
				C1183622271CF95C0010D069 /* Release */,
			);
			defaultConfigurationIsVisible = 0;
			defaultConfigurationName = Release;
		};
		C1183623271CF95C0010D069 /* Build configuration list for PBXNativeTarget "LearnSwiftUI" */ = {
			isa = XCConfigurationList;
			buildConfigurations = (
				C1183624271CF95C0010D069 /* Debug */,
				C1183625271CF95C0010D069 /* Release */,
			);
			defaultConfigurationIsVisible = 0;
			defaultConfigurationName = Release;
		};
		C1183626271CF95C0010D069 /* Build configuration list for PBXNativeTarget "LearnSwiftUITests" */ = {
			isa = XCConfigurationList;
			buildConfigurations = (
				C1183627271CF95C0010D069 /* Debug */,
				C1183628271CF95C0010D069 /* Release */,
			);
			defaultConfigurationIsVisible = 0;
			defaultConfigurationName = Release;
		};
		C1183629271CF95C0010D069 /* Build configuration list for PBXNativeTarget "LearnSwiftUIUITests" */ = {
			isa = XCConfigurationList;
			buildConfigurations = (
				C118362A271CF95C0010D069 /* Debug */,
				C118362B271CF95C0010D069 /* Release */,
			);
			defaultConfigurationIsVisible = 0;
			defaultConfigurationName = Release;
		};
/* End XCConfigurationList section */
	};
	rootObject = C11835F6271CF94F0010D069 /* Project object */;
}
